
Microsoft Visual Studio Solution File, Format Version 12.00
# Visual Studio Version 16
VisualStudioVersion = 16.0.32002.261
MinimumVisualStudioVersion = 10.0.40219.1
Project("{FAE04EC0-301F-11D3-BF4B-00C04F79EFBC}") = "Artemis.Plugins.Module.FNF", "Artemis.Plugins.Module.FNF\Artemis.Plugins.Module.FNF.csproj", "{8D2B7DA6-F08B-4529-BC0F-5E8888F24705}"
EndProject
Global
	GlobalSection(SolutionConfigurationPlatforms) = preSolution
		Debug|x64 = Debug|x64
		Release|x64 = Release|x64
	EndGlobalSection
	GlobalSection(ProjectConfigurationPlatforms) = postSolution
		{8D2B7DA6-F08B-4529-BC0F-5E8888F24705}.Debug|x64.ActiveCfg = Debug|x64
		{8D2B7DA6-F08B-4529-BC0F-5E8888F24705}.Debug|x64.Build.0 = Debug|x64
		{8D2B7DA6-F08B-4529-BC0F-5E8888F24705}.Release|x64.ActiveCfg = Release|x64
		{8D2B7DA6-F08B-4529-BC0F-5E8888F24705}.Release|x64.Build.0 = Release|x64
	EndGlobalSection
	GlobalSection(SolutionProperties) = preSolution
		HideSolutionNode = FALSE
	EndGlobalSection
	GlobalSection(ExtensibilityGlobals) = postSolution
		SolutionGuid = {CAFA047B-3E85-4E2F-8C3D-3F774FCDB436}
	EndGlobalSection
EndGlobal
